// !$*UTF8*$!
{
	archiveVersion = 1;
	classes = {
	};
	objectVersion = 50;
	objects = {

/* Begin PBXBuildFile section */
		97B2469A24CB02E6003DD235 /* AppDelegate.swift in Sources */ = {isa = PBXBuildFile; fileRef = 97B2469924CB02E6003DD235 /* AppDelegate.swift */; };
		97B2469E24CB02E6003DD235 /* ViewController.swift in Sources */ = {isa = PBXBuildFile; fileRef = 97B2469D24CB02E6003DD235 /* ViewController.swift */; };
		97B246A324CB02E6003DD235 /* Assets.xcassets in Resources */ = {isa = PBXBuildFile; fileRef = 97B246A224CB02E6003DD235 /* Assets.xcassets */; };
		97B246A624CB02E6003DD235 /* LaunchScreen.storyboard in Resources */ = {isa = PBXBuildFile; fileRef = 97B246A424CB02E6003DD235 /* LaunchScreen.storyboard */; };
		97B246B124CB02E7003DD235 /* ReactSwiftMVVMAssignmentTests.swift in Sources */ = {isa = PBXBuildFile; fileRef = 97B246B024CB02E7003DD235 /* ReactSwiftMVVMAssignmentTests.swift */; };
		97B246BC24CB02E7003DD235 /* ReactSwiftMVVMAssignmentUITests.swift in Sources */ = {isa = PBXBuildFile; fileRef = 97B246BB24CB02E7003DD235 /* ReactSwiftMVVMAssignmentUITests.swift */; };
/* End PBXBuildFile section */

/* Begin PBXContainerItemProxy section */
		97B246AD24CB02E6003DD235 /* PBXContainerItemProxy */ = {
			isa = PBXContainerItemProxy;
			containerPortal = 97B2468E24CB02E6003DD235 /* Project object */;
			proxyType = 1;
			remoteGlobalIDString = 97B2469524CB02E6003DD235;
			remoteInfo = ReactSwiftMVVMAssignment;
		};
		97B246B824CB02E7003DD235 /* PBXContainerItemProxy */ = {
			isa = PBXContainerItemProxy;
			containerPortal = 97B2468E24CB02E6003DD235 /* Project object */;
			proxyType = 1;
			remoteGlobalIDString = 97B2469524CB02E6003DD235;
			remoteInfo = ReactSwiftMVVMAssignment;
		};
/* End PBXContainerItemProxy section */

/* Begin PBXFileReference section */
		97B2469624CB02E6003DD235 /* ReactSwiftMVVMAssignment.app */ = {isa = PBXFileReference; explicitFileType = wrapper.application; includeInIndex = 0; path = ReactSwiftMVVMAssignment.app; sourceTree = BUILT_PRODUCTS_DIR; };
		97B2469924CB02E6003DD235 /* AppDelegate.swift */ = {isa = PBXFileReference; lastKnownFileType = sourcecode.swift; name = AppDelegate.swift; path = ../AppDelegate.swift; sourceTree = "<group>"; };
		97B2469D24CB02E6003DD235 /* ViewController.swift */ = {isa = PBXFileReference; lastKnownFileType = sourcecode.swift; name = ViewController.swift; path = ../ViewController.swift; sourceTree = "<group>"; };
		97B246A224CB02E6003DD235 /* Assets.xcassets */ = {isa = PBXFileReference; lastKnownFileType = folder.assetcatalog; path = Assets.xcassets; sourceTree = "<group>"; };
		97B246A524CB02E6003DD235 /* Base */ = {isa = PBXFileReference; lastKnownFileType = file.storyboard; name = Base; path = Base.lproj/LaunchScreen.storyboard; sourceTree = "<group>"; };
		97B246A724CB02E6003DD235 /* Info.plist */ = {isa = PBXFileReference; lastKnownFileType = text.plist.xml; name = Info.plist; path = ../Info.plist; sourceTree = "<group>"; };
		97B246AC24CB02E6003DD235 /* ReactSwiftMVVMAssignmentTests.xctest */ = {isa = PBXFileReference; explicitFileType = wrapper.cfbundle; includeInIndex = 0; path = ReactSwiftMVVMAssignmentTests.xctest; sourceTree = BUILT_PRODUCTS_DIR; };
		97B246B024CB02E7003DD235 /* ReactSwiftMVVMAssignmentTests.swift */ = {isa = PBXFileReference; lastKnownFileType = sourcecode.swift; path = ReactSwiftMVVMAssignmentTests.swift; sourceTree = "<group>"; };
		97B246B224CB02E7003DD235 /* Info.plist */ = {isa = PBXFileReference; lastKnownFileType = text.plist.xml; path = Info.plist; sourceTree = "<group>"; };
		97B246B724CB02E7003DD235 /* ReactSwiftMVVMAssignmentUITests.xctest */ = {isa = PBXFileReference; explicitFileType = wrapper.cfbundle; includeInIndex = 0; path = ReactSwiftMVVMAssignmentUITests.xctest; sourceTree = BUILT_PRODUCTS_DIR; };
		97B246BB24CB02E7003DD235 /* ReactSwiftMVVMAssignmentUITests.swift */ = {isa = PBXFileReference; lastKnownFileType = sourcecode.swift; path = ReactSwiftMVVMAssignmentUITests.swift; sourceTree = "<group>"; };
		97B246BD24CB02E7003DD235 /* Info.plist */ = {isa = PBXFileReference; lastKnownFileType = text.plist.xml; path = Info.plist; sourceTree = "<group>"; };
/* End PBXFileReference section */

/* Begin PBXFrameworksBuildPhase section */
		97B2469324CB02E6003DD235 /* Frameworks */ = {
			isa = PBXFrameworksBuildPhase;
			buildActionMask = 2147483647;
			files = (
			);
			runOnlyForDeploymentPostprocessing = 0;
		};
		97B246A924CB02E6003DD235 /* Frameworks */ = {
			isa = PBXFrameworksBuildPhase;
			buildActionMask = 2147483647;
			files = (
			);
			runOnlyForDeploymentPostprocessing = 0;
		};
		97B246B424CB02E7003DD235 /* Frameworks */ = {
			isa = PBXFrameworksBuildPhase;
			buildActionMask = 2147483647;
			files = (
			);
			runOnlyForDeploymentPostprocessing = 0;
		};
/* End PBXFrameworksBuildPhase section */

/* Begin PBXGroup section */
		97B2468D24CB02E6003DD235 = {
			isa = PBXGroup;
			children = (
				97B2469824CB02E6003DD235 /* ReactSwiftMVVMAssignment */,
				97B246AF24CB02E7003DD235 /* ReactSwiftMVVMAssignmentTests */,
				97B246BA24CB02E7003DD235 /* ReactSwiftMVVMAssignmentUITests */,
				97B2469724CB02E6003DD235 /* Products */,
			);
			sourceTree = "<group>";
		};
		97B2469724CB02E6003DD235 /* Products */ = {
			isa = PBXGroup;
			children = (
				97B2469624CB02E6003DD235 /* ReactSwiftMVVMAssignment.app */,
				97B246AC24CB02E6003DD235 /* ReactSwiftMVVMAssignmentTests.xctest */,
				97B246B724CB02E7003DD235 /* ReactSwiftMVVMAssignmentUITests.xctest */,
			);
			name = Products;
			sourceTree = "<group>";
		};
		97B2469824CB02E6003DD235 /* ReactSwiftMVVMAssignment */ = {
			isa = PBXGroup;
			children = (
				97B246CD24CB0668003DD235 /* SupportingFiles */,
				97B246CC24CB05A9003DD235 /* PresentationLayer */,
				97B246CB24CB0422003DD235 /* Corelayer */,
				97B246CA24CB0410003DD235 /* NetworkLayer */,
				97B246C924CB0385003DD235 /* ApplicationLayer */,
				97B246A224CB02E6003DD235 /* Assets.xcassets */,
			);
			path = ReactSwiftMVVMAssignment;
			sourceTree = "<group>";
		};
		97B246AF24CB02E7003DD235 /* ReactSwiftMVVMAssignmentTests */ = {
			isa = PBXGroup;
			children = (
				97B246B024CB02E7003DD235 /* ReactSwiftMVVMAssignmentTests.swift */,
				97B246B224CB02E7003DD235 /* Info.plist */,
			);
			path = ReactSwiftMVVMAssignmentTests;
			sourceTree = "<group>";
		};
		97B246BA24CB02E7003DD235 /* ReactSwiftMVVMAssignmentUITests */ = {
			isa = PBXGroup;
			children = (
				97B246BB24CB02E7003DD235 /* ReactSwiftMVVMAssignmentUITests.swift */,
				97B246BD24CB02E7003DD235 /* Info.plist */,
			);
			path = ReactSwiftMVVMAssignmentUITests;
			sourceTree = "<group>";
		};
		97B246C924CB0385003DD235 /* ApplicationLayer */ = {
			isa = PBXGroup;
			children = (
			);
			path = ApplicationLayer;
			sourceTree = "<group>";
		};
		97B246CA24CB0410003DD235 /* NetworkLayer */ = {
			isa = PBXGroup;
			children = (
				97B2469924CB02E6003DD235 /* AppDelegate.swift */,
			);
			path = NetworkLayer;
			sourceTree = "<group>";
		};
		97B246CB24CB0422003DD235 /* Corelayer */ = {
			isa = PBXGroup;
			children = (
			);
			path = Corelayer;
			sourceTree = "<group>";
		};
		97B246CC24CB05A9003DD235 /* PresentationLayer */ = {
			isa = PBXGroup;
			children = (
				97B2469D24CB02E6003DD235 /* ViewController.swift */,
			);
			path = PresentationLayer;
			sourceTree = "<group>";
		};
		97B246CD24CB0668003DD235 /* SupportingFiles */ = {
			isa = PBXGroup;
			children = (
				97B246A724CB02E6003DD235 /* Info.plist */,
				97B246A424CB02E6003DD235 /* LaunchScreen.storyboard */,
			);
			path = SupportingFiles;
			sourceTree = "<group>";
		};
/* End PBXGroup section */

/* Begin PBXNativeTarget section */
		97B2469524CB02E6003DD235 /* ReactSwiftMVVMAssignment */ = {
			isa = PBXNativeTarget;
			buildConfigurationList = 97B246C024CB02E7003DD235 /* Build configuration list for PBXNativeTarget "ReactSwiftMVVMAssignment" */;
			buildPhases = (
				97B2469224CB02E6003DD235 /* Sources */,
				97B2469324CB02E6003DD235 /* Frameworks */,
				97B2469424CB02E6003DD235 /* Resources */,
			);
			buildRules = (
			);
			dependencies = (
			);
			name = ReactSwiftMVVMAssignment;
			productName = ReactSwiftMVVMAssignment;
			productReference = 97B2469624CB02E6003DD235 /* ReactSwiftMVVMAssignment.app */;
			productType = "com.apple.product-type.application";
		};
		97B246AB24CB02E6003DD235 /* ReactSwiftMVVMAssignmentTests */ = {
			isa = PBXNativeTarget;
			buildConfigurationList = 97B246C324CB02E7003DD235 /* Build configuration list for PBXNativeTarget "ReactSwiftMVVMAssignmentTests" */;
			buildPhases = (
				97B246A824CB02E6003DD235 /* Sources */,
				97B246A924CB02E6003DD235 /* Frameworks */,
				97B246AA24CB02E6003DD235 /* Resources */,
			);
			buildRules = (
			);
			dependencies = (
				97B246AE24CB02E6003DD235 /* PBXTargetDependency */,
			);
			name = ReactSwiftMVVMAssignmentTests;
			productName = ReactSwiftMVVMAssignmentTests;
			productReference = 97B246AC24CB02E6003DD235 /* ReactSwiftMVVMAssignmentTests.xctest */;
			productType = "com.apple.product-type.bundle.unit-test";
		};
		97B246B624CB02E7003DD235 /* ReactSwiftMVVMAssignmentUITests */ = {
			isa = PBXNativeTarget;
			buildConfigurationList = 97B246C624CB02E7003DD235 /* Build configuration list for PBXNativeTarget "ReactSwiftMVVMAssignmentUITests" */;
			buildPhases = (
				97B246B324CB02E7003DD235 /* Sources */,
				97B246B424CB02E7003DD235 /* Frameworks */,
				97B246B524CB02E7003DD235 /* Resources */,
			);
			buildRules = (
			);
			dependencies = (
				97B246B924CB02E7003DD235 /* PBXTargetDependency */,
			);
			name = ReactSwiftMVVMAssignmentUITests;
			productName = ReactSwiftMVVMAssignmentUITests;
			productReference = 97B246B724CB02E7003DD235 /* ReactSwiftMVVMAssignmentUITests.xctest */;
			productType = "com.apple.product-type.bundle.ui-testing";
		};
/* End PBXNativeTarget section */

/* Begin PBXProject section */
		97B2468E24CB02E6003DD235 /* Project object */ = {
			isa = PBXProject;
			attributes = {
				LastSwiftUpdateCheck = 1100;
				LastUpgradeCheck = 1100;
				ORGANIZATIONNAME = "Sherry Bajwa";
				TargetAttributes = {
					97B2469524CB02E6003DD235 = {
						CreatedOnToolsVersion = 11.0;
					};
					97B246AB24CB02E6003DD235 = {
						CreatedOnToolsVersion = 11.0;
						TestTargetID = 97B2469524CB02E6003DD235;
					};
					97B246B624CB02E7003DD235 = {
						CreatedOnToolsVersion = 11.0;
						TestTargetID = 97B2469524CB02E6003DD235;
					};
				};
			};
			buildConfigurationList = 97B2469124CB02E6003DD235 /* Build configuration list for PBXProject "ReactSwiftMVVMAssignment" */;
			compatibilityVersion = "Xcode 9.3";
			developmentRegion = en;
			hasScannedForEncodings = 0;
			knownRegions = (
				en,
				Base,
			);
			mainGroup = 97B2468D24CB02E6003DD235;
			productRefGroup = 97B2469724CB02E6003DD235 /* Products */;
			projectDirPath = "";
			projectRoot = "";
			targets = (
				97B2469524CB02E6003DD235 /* ReactSwiftMVVMAssignment */,
				97B246AB24CB02E6003DD235 /* ReactSwiftMVVMAssignmentTests */,
				97B246B624CB02E7003DD235 /* ReactSwiftMVVMAssignmentUITests */,
			);
		};
/* End PBXProject section */

/* Begin PBXResourcesBuildPhase section */
		97B2469424CB02E6003DD235 /* Resources */ = {
			isa = PBXResourcesBuildPhase;
			buildActionMask = 2147483647;
			files = (
				97B246A624CB02E6003DD235 /* LaunchScreen.storyboard in Resources */,
				97B246A324CB02E6003DD235 /* Assets.xcassets in Resources */,
			);
			runOnlyForDeploymentPostprocessing = 0;
		};
		97B246AA24CB02E6003DD235 /* Resources */ = {
			isa = PBXResourcesBuildPhase;
			buildActionMask = 2147483647;
			files = (
			);
			runOnlyForDeploymentPostprocessing = 0;
		};
		97B246B524CB02E7003DD235 /* Resources */ = {
			isa = PBXResourcesBuildPhase;
			buildActionMask = 2147483647;
			files = (
			);
			runOnlyForDeploymentPostprocessing = 0;
		};
/* End PBXResourcesBuildPhase section */

/* Begin PBXSourcesBuildPhase section */
		97B2469224CB02E6003DD235 /* Sources */ = {
			isa = PBXSourcesBuildPhase;
			buildActionMask = 2147483647;
			files = (
				97B2469E24CB02E6003DD235 /* ViewController.swift in Sources */,
				97B2469A24CB02E6003DD235 /* AppDelegate.swift in Sources */,
			);
			runOnlyForDeploymentPostprocessing = 0;
		};
		97B246A824CB02E6003DD235 /* Sources */ = {
			isa = PBXSourcesBuildPhase;
			buildActionMask = 2147483647;
			files = (
				97B246B124CB02E7003DD235 /* ReactSwiftMVVMAssignmentTests.swift in Sources */,
			);
			runOnlyForDeploymentPostprocessing = 0;
		};
		97B246B324CB02E7003DD235 /* Sources */ = {
			isa = PBXSourcesBuildPhase;
			buildActionMask = 2147483647;
			files = (
				97B246BC24CB02E7003DD235 /* ReactSwiftMVVMAssignmentUITests.swift in Sources */,
			);
			runOnlyForDeploymentPostprocessing = 0;
		};
/* End PBXSourcesBuildPhase section */

/* Begin PBXTargetDependency section */
		97B246AE24CB02E6003DD235 /* PBXTargetDependency */ = {
			isa = PBXTargetDependency;
			target = 97B2469524CB02E6003DD235 /* ReactSwiftMVVMAssignment */;
			targetProxy = 97B246AD24CB02E6003DD235 /* PBXContainerItemProxy */;
		};
		97B246B924CB02E7003DD235 /* PBXTargetDependency */ = {
			isa = PBXTargetDependency;
			target = 97B2469524CB02E6003DD235 /* ReactSwiftMVVMAssignment */;
			targetProxy = 97B246B824CB02E7003DD235 /* PBXContainerItemProxy */;
		};
/* End PBXTargetDependency section */

/* Begin PBXVariantGroup section */
		97B246A424CB02E6003DD235 /* LaunchScreen.storyboard */ = {
			isa = PBXVariantGroup;
			children = (
				97B246A524CB02E6003DD235 /* Base */,
			);
			name = LaunchScreen.storyboard;
			sourceTree = "<group>";
		};
/* End PBXVariantGroup section */

/* Begin XCBuildConfiguration section */
		97B246BE24CB02E7003DD235 /* Debug */ = {
			isa = XCBuildConfiguration;
			buildSettings = {
				ALWAYS_SEARCH_USER_PATHS = NO;
				CLANG_ANALYZER_NONNULL = YES;
				CLANG_ANALYZER_NUMBER_OBJECT_CONVERSION = YES_AGGRESSIVE;
				CLANG_CXX_LANGUAGE_STANDARD = "gnu++14";
				CLANG_CXX_LIBRARY = "libc++";
				CLANG_ENABLE_MODULES = YES;
				CLANG_ENABLE_OBJC_ARC = YES;
				CLANG_ENABLE_OBJC_WEAK = YES;
				CLANG_WARN_BLOCK_CAPTURE_AUTORELEASING = YES;
				CLANG_WARN_BOOL_CONVERSION = YES;
				CLANG_WARN_COMMA = YES;
				CLANG_WARN_CONSTANT_CONVERSION = YES;
				CLANG_WARN_DEPRECATED_OBJC_IMPLEMENTATIONS = YES;
				CLANG_WARN_DIRECT_OBJC_ISA_USAGE = YES_ERROR;
				CLANG_WARN_DOCUMENTATION_COMMENTS = YES;
				CLANG_WARN_EMPTY_BODY = YES;
				CLANG_WARN_ENUM_CONVERSION = YES;
				CLANG_WARN_INFINITE_RECURSION = YES;
				CLANG_WARN_INT_CONVERSION = YES;
				CLANG_WARN_NON_LITERAL_NULL_CONVERSION = YES;
				CLANG_WARN_OBJC_IMPLICIT_RETAIN_SELF = YES;
				CLANG_WARN_OBJC_LITERAL_CONVERSION = YES;
				CLANG_WARN_OBJC_ROOT_CLASS = YES_ERROR;
				CLANG_WARN_RANGE_LOOP_ANALYSIS = YES;
				CLANG_WARN_STRICT_PROTOTYPES = YES;
				CLANG_WARN_SUSPICIOUS_MOVE = YES;
				CLANG_WARN_UNGUARDED_AVAILABILITY = YES_AGGRESSIVE;
				CLANG_WARN_UNREACHABLE_CODE = YES;
				CLANG_WARN__DUPLICATE_METHOD_MATCH = YES;
				COPY_PHASE_STRIP = NO;
				DEBUG_INFORMATION_FORMAT = dwarf;
				ENABLE_STRICT_OBJC_MSGSEND = YES;
				ENABLE_TESTABILITY = YES;
				GCC_C_LANGUAGE_STANDARD = gnu11;
				GCC_DYNAMIC_NO_PIC = NO;
				GCC_NO_COMMON_BLOCKS = YES;
				GCC_OPTIMIZATION_LEVEL = 0;
				GCC_PREPROCESSOR_DEFINITIONS = (
					"DEBUG=1",
					"$(inherited)",
				);
				GCC_WARN_64_TO_32_BIT_CONVERSION = YES;
				GCC_WARN_ABOUT_RETURN_TYPE = YES_ERROR;
				GCC_WARN_UNDECLARED_SELECTOR = YES;
				GCC_WARN_UNINITIALIZED_AUTOS = YES_AGGRESSIVE;
				GCC_WARN_UNUSED_FUNCTION = YES;
				GCC_WARN_UNUSED_VARIABLE = YES;
				IPHONEOS_DEPLOYMENT_TARGET = 13.0;
				MTL_ENABLE_DEBUG_INFO = INCLUDE_SOURCE;
				MTL_FAST_MATH = YES;
				ONLY_ACTIVE_ARCH = YES;
				SDKROOT = iphoneos;
				SWIFT_ACTIVE_COMPILATION_CONDITIONS = DEBUG;
				SWIFT_OPTIMIZATION_LEVEL = "-Onone";
			};
			name = Debug;
		};
		97B246BF24CB02E7003DD235 /* Release */ = {
			isa = XCBuildConfiguration;
			buildSettings = {
				ALWAYS_SEARCH_USER_PATHS = NO;
				CLANG_ANALYZER_NONNULL = YES;
				CLANG_ANALYZER_NUMBER_OBJECT_CONVERSION = YES_AGGRESSIVE;
				CLANG_CXX_LANGUAGE_STANDARD = "gnu++14";
				CLANG_CXX_LIBRARY = "libc++";
				CLANG_ENABLE_MODULES = YES;
				CLANG_ENABLE_OBJC_ARC = YES;
				CLANG_ENABLE_OBJC_WEAK = YES;
				CLANG_WARN_BLOCK_CAPTURE_AUTORELEASING = YES;
				CLANG_WARN_BOOL_CONVERSION = YES;
				CLANG_WARN_COMMA = YES;
				CLANG_WARN_CONSTANT_CONVERSION = YES;
				CLANG_WARN_DEPRECATED_OBJC_IMPLEMENTATIONS = YES;
				CLANG_WARN_DIRECT_OBJC_ISA_USAGE = YES_ERROR;
				CLANG_WARN_DOCUMENTATION_COMMENTS = YES;
				CLANG_WARN_EMPTY_BODY = YES;
				CLANG_WARN_ENUM_CONVERSION = YES;
				CLANG_WARN_INFINITE_RECURSION = YES;
				CLANG_WARN_INT_CONVERSION = YES;
				CLANG_WARN_NON_LITERAL_NULL_CONVERSION = YES;
				CLANG_WARN_OBJC_IMPLICIT_RETAIN_SELF = YES;
				CLANG_WARN_OBJC_LITERAL_CONVERSION = YES;
				CLANG_WARN_OBJC_ROOT_CLASS = YES_ERROR;
				CLANG_WARN_RANGE_LOOP_ANALYSIS = YES;
				CLANG_WARN_STRICT_PROTOTYPES = YES;
				CLANG_WARN_SUSPICIOUS_MOVE = YES;
				CLANG_WARN_UNGUARDED_AVAILABILITY = YES_AGGRESSIVE;
				CLANG_WARN_UNREACHABLE_CODE = YES;
				CLANG_WARN__DUPLICATE_METHOD_MATCH = YES;
				COPY_PHASE_STRIP = NO;
				DEBUG_INFORMATION_FORMAT = "dwarf-with-dsym";
				ENABLE_NS_ASSERTIONS = NO;
				ENABLE_STRICT_OBJC_MSGSEND = YES;
				GCC_C_LANGUAGE_STANDARD = gnu11;
				GCC_NO_COMMON_BLOCKS = YES;
				GCC_WARN_64_TO_32_BIT_CONVERSION = YES;
				GCC_WARN_ABOUT_RETURN_TYPE = YES_ERROR;
				GCC_WARN_UNDECLARED_SELECTOR = YES;
				GCC_WARN_UNINITIALIZED_AUTOS = YES_AGGRESSIVE;
				GCC_WARN_UNUSED_FUNCTION = YES;
				GCC_WARN_UNUSED_VARIABLE = YES;
				IPHONEOS_DEPLOYMENT_TARGET = 13.0;
				MTL_ENABLE_DEBUG_INFO = NO;
				MTL_FAST_MATH = YES;
				SDKROOT = iphoneos;
				SWIFT_COMPILATION_MODE = wholemodule;
				SWIFT_OPTIMIZATION_LEVEL = "-O";
				VALIDATE_PRODUCT = YES;
			};
			name = Release;
		};
		97B246C124CB02E7003DD235 /* Debug */ = {
			isa = XCBuildConfiguration;
			buildSettings = {
				ASSETCATALOG_COMPILER_APPICON_NAME = AppIcon;
				CODE_SIGN_STYLE = Automatic;
				DEVELOPMENT_TEAM = 95DV9K9972;
				INFOPLIST_FILE = ReactSwiftMVVMAssignment/Info.plist;
				LD_RUNPATH_SEARCH_PATHS = (
					"$(inherited)",
					"@executable_path/Frameworks",
				);
				PRODUCT_BUNDLE_IDENTIFIER = sherry.ReactSwiftMVVMAssignment;
				PRODUCT_NAME = "$(TARGET_NAME)";
				SWIFT_VERSION = 5.0;
				TARGETED_DEVICE_FAMILY = "1,2";
			};
			name = Debug;
		};
		97B246C224CB02E7003DD235 /* Release */ = {
			isa = XCBuildConfiguration;
			buildSettings = {
				ASSETCATALOG_COMPILER_APPICON_NAME = AppIcon;
				CODE_SIGN_STYLE = Automatic;
				DEVELOPMENT_TEAM = 95DV9K9972;
				INFOPLIST_FILE = ReactSwiftMVVMAssignment/Info.plist;
				LD_RUNPATH_SEARCH_PATHS = (
					"$(inherited)",
					"@executable_path/Frameworks",
				);
				PRODUCT_BUNDLE_IDENTIFIER = sherry.ReactSwiftMVVMAssignment;
				PRODUCT_NAME = "$(TARGET_NAME)";
				SWIFT_VERSION = 5.0;
				TARGETED_DEVICE_FAMILY = "1,2";
			};
			name = Release;
		};
		97B246C424CB02E7003DD235 /* Debug */ = {
			isa = XCBuildConfiguration;
			buildSettings = {
				ALWAYS_EMBED_SWIFT_STANDARD_LIBRARIES = YES;
				BUNDLE_LOADER = "$(TEST_HOST)";
				CODE_SIGN_STYLE = Automatic;
				DEVELOPMENT_TEAM = 95DV9K9972;
				INFOPLIST_FILE = ReactSwiftMVVMAssignmentTests/Info.plist;
				IPHONEOS_DEPLOYMENT_TARGET = 13.0;
				LD_RUNPATH_SEARCH_PATHS = (
					"$(inherited)",
					"@executable_path/Frameworks",
					"@loader_path/Frameworks",
				);
				PRODUCT_BUNDLE_IDENTIFIER = sherry.ReactSwiftMVVMAssignmentTests;
				PRODUCT_NAME = "$(TARGET_NAME)";
				SWIFT_VERSION = 5.0;
				TARGETED_DEVICE_FAMILY = "1,2";
				TEST_HOST = "$(BUILT_PRODUCTS_DIR)/ReactSwiftMVVMAssignment.app/ReactSwiftMVVMAssignment";
			};
			name = Debug;
		};
		97B246C524CB02E7003DD235 /* Release */ = {
			isa = XCBuildConfiguration;
			buildSettings = {
				ALWAYS_EMBED_SWIFT_STANDARD_LIBRARIES = YES;
				BUNDLE_LOADER = "$(TEST_HOST)";
				CODE_SIGN_STYLE = Automatic;
				DEVELOPMENT_TEAM = 95DV9K9972;
				INFOPLIST_FILE = ReactSwiftMVVMAssignmentTests/Info.plist;
				IPHONEOS_DEPLOYMENT_TARGET = 13.0;
				LD_RUNPATH_SEARCH_PATHS = (
					"$(inherited)",
					"@executable_path/Frameworks",
					"@loader_path/Frameworks",
				);
				PRODUCT_BUNDLE_IDENTIFIER = sherry.ReactSwiftMVVMAssignmentTests;
				PRODUCT_NAME = "$(TARGET_NAME)";
				SWIFT_VERSION = 5.0;
				TARGETED_DEVICE_FAMILY = "1,2";
				TEST_HOST = "$(BUILT_PRODUCTS_DIR)/ReactSwiftMVVMAssignment.app/ReactSwiftMVVMAssignment";
			};
			name = Release;
		};
		97B246C724CB02E7003DD235 /* Debug */ = {
			isa = XCBuildConfiguration;
			buildSettings = {
				ALWAYS_EMBED_SWIFT_STANDARD_LIBRARIES = YES;
				CODE_SIGN_STYLE = Automatic;
				DEVELOPMENT_TEAM = 95DV9K9972;
				INFOPLIST_FILE = ReactSwiftMVVMAssignmentUITests/Info.plist;
				LD_RUNPATH_SEARCH_PATHS = (
					"$(inherited)",
					"@executable_path/Frameworks",
					"@loader_path/Frameworks",
				);
				PRODUCT_BUNDLE_IDENTIFIER = sherry.ReactSwiftMVVMAssignmentUITests;
				PRODUCT_NAME = "$(TARGET_NAME)";
				SWIFT_VERSION = 5.0;
				TARGETED_DEVICE_FAMILY = "1,2";
				TEST_TARGET_NAME = ReactSwiftMVVMAssignment;
			};
			name = Debug;
		};
		97B246C824CB02E7003DD235 /* Release */ = {
			isa = XCBuildConfiguration;
			buildSettings = {
				ALWAYS_EMBED_SWIFT_STANDARD_LIBRARIES = YES;
				CODE_SIGN_STYLE = Automatic;
				DEVELOPMENT_TEAM = 95DV9K9972;
				INFOPLIST_FILE = ReactSwiftMVVMAssignmentUITests/Info.plist;
				LD_RUNPATH_SEARCH_PATHS = (
					"$(inherited)",
					"@executable_path/Frameworks",
					"@loader_path/Frameworks",
				);
				PRODUCT_BUNDLE_IDENTIFIER = sherry.ReactSwiftMVVMAssignmentUITests;
				PRODUCT_NAME = "$(TARGET_NAME)";
				SWIFT_VERSION = 5.0;
				TARGETED_DEVICE_FAMILY = "1,2";
				TEST_TARGET_NAME = ReactSwiftMVVMAssignment;
			};
			name = Release;
		};
/* End XCBuildConfiguration section */

/* Begin XCConfigurationList section */
		97B2469124CB02E6003DD235 /* Build configuration list for PBXProject "ReactSwiftMVVMAssignment" */ = {
			isa = XCConfigurationList;
			buildConfigurations = (
				97B246BE24CB02E7003DD235 /* Debug */,
				97B246BF24CB02E7003DD235 /* Release */,
			);
			defaultConfigurationIsVisible = 0;
			defaultConfigurationName = Release;
		};
		97B246C024CB02E7003DD235 /* Build configuration list for PBXNativeTarget "ReactSwiftMVVMAssignment" */ = {
			isa = XCConfigurationList;
			buildConfigurations = (
				97B246C124CB02E7003DD235 /* Debug */,
				97B246C224CB02E7003DD235 /* Release */,
			);
			defaultConfigurationIsVisible = 0;
			defaultConfigurationName = Release;
		};
		97B246C324CB02E7003DD235 /* Build configuration list for PBXNativeTarget "ReactSwiftMVVMAssignmentTests" */ = {
			isa = XCConfigurationList;
			buildConfigurations = (
				97B246C424CB02E7003DD235 /* Debug */,
				97B246C524CB02E7003DD235 /* Release */,
			);
			defaultConfigurationIsVisible = 0;
			defaultConfigurationName = Release;
		};
		97B246C624CB02E7003DD235 /* Build configuration list for PBXNativeTarget "ReactSwiftMVVMAssignmentUITests" */ = {
			isa = XCConfigurationList;
			buildConfigurations = (
				97B246C724CB02E7003DD235 /* Debug */,
				97B246C824CB02E7003DD235 /* Release */,
			);
			defaultConfigurationIsVisible = 0;
			defaultConfigurationName = Release;
		};
/* End XCConfigurationList section */
	};
	rootObject = 97B2468E24CB02E6003DD235 /* Project object */;
}
